
Microsoft Visual Studio Solution File, Format Version 12.00
# Visual Studio Version 16
VisualStudioVersion = 16.0.31320.298
MinimumVisualStudioVersion = 10.0.40219.1
Project("{FAE04EC0-301F-11D3-BF4B-00C04F79EFBC}") = "IViewer", "IViewer\IViewer.csproj", "{C47029AC-D3A7-4287-9169-6FD459E99819}"
EndProject
Project("{FAE04EC0-301F-11D3-BF4B-00C04F79EFBC}") = "IvyUpdater", "IvyUpdater\IvyUpdater.csproj", "{74895FF1-625F-4A28-ACCD-76D45C6557CD}"
EndProject
Project("{FAE04EC0-301F-11D3-BF4B-00C04F79EFBC}") = "FTPSync", "FTPSync\FTPSync.csproj", "{43E376BF-9F8B-4276-BD96-3DCC5185166D}"
EndProject
Global
	GlobalSection(SolutionConfigurationPlatforms) = preSolution
		Debug|Any CPU = Debug|Any CPU
		Debug|Mixed Platforms = Debug|Mixed Platforms
		Debug|x86 = Debug|x86
		Release|Any CPU = Release|Any CPU
		Release|Mixed Platforms = Release|Mixed Platforms
		Release|x86 = Release|x86
	EndGlobalSection
	GlobalSection(ProjectConfigurationPlatforms) = postSolution
		{C47029AC-D3A7-4287-9169-6FD459E99819}.Debug|Any CPU.ActiveCfg = Debug|x86
		{C47029AC-D3A7-4287-9169-6FD459E99819}.Debug|Mixed Platforms.ActiveCfg = Debug|x86
		{C47029AC-D3A7-4287-9169-6FD459E99819}.Debug|Mixed Platforms.Build.0 = Debug|x86
		{C47029AC-D3A7-4287-9169-6FD459E99819}.Debug|x86.ActiveCfg = Debug|x86
		{C47029AC-D3A7-4287-9169-6FD459E99819}.Debug|x86.Build.0 = Debug|x86
		{C47029AC-D3A7-4287-9169-6FD459E99819}.Release|Any CPU.ActiveCfg = Release|x86
		{C47029AC-D3A7-4287-9169-6FD459E99819}.Release|Mixed Platforms.ActiveCfg = Release|x86
		{C47029AC-D3A7-4287-9169-6FD459E99819}.Release|Mixed Platforms.Build.0 = Release|x86
		{C47029AC-D3A7-4287-9169-6FD459E99819}.Release|x86.ActiveCfg = Release|x86
		{C47029AC-D3A7-4287-9169-6FD459E99819}.Release|x86.Build.0 = Release|x86
		{74895FF1-625F-4A28-ACCD-76D45C6557CD}.Debug|Any CPU.ActiveCfg = Debug|x86
		{74895FF1-625F-4A28-ACCD-76D45C6557CD}.Debug|Mixed Platforms.ActiveCfg = Debug|x86
		{74895FF1-625F-4A28-ACCD-76D45C6557CD}.Debug|Mixed Platforms.Build.0 = Debug|x86
		{74895FF1-625F-4A28-ACCD-76D45C6557CD}.Debug|x86.ActiveCfg = Debug|x86
		{74895FF1-625F-4A28-ACCD-76D45C6557CD}.Debug|x86.Build.0 = Debug|x86
		{74895FF1-625F-4A28-ACCD-76D45C6557CD}.Release|Any CPU.ActiveCfg = Release|x86
		{74895FF1-625F-4A28-ACCD-76D45C6557CD}.Release|Mixed Platforms.ActiveCfg = Release|x86
		{74895FF1-625F-4A28-ACCD-76D45C6557CD}.Release|Mixed Platforms.Build.0 = Release|x86
		{74895FF1-625F-4A28-ACCD-76D45C6557CD}.Release|x86.ActiveCfg = Release|x86
		{74895FF1-625F-4A28-ACCD-76D45C6557CD}.Release|x86.Build.0 = Release|x86
		{43E376BF-9F8B-4276-BD96-3DCC5185166D}.Debug|Any CPU.ActiveCfg = Debug|x86
		{43E376BF-9F8B-4276-BD96-3DCC5185166D}.Debug|Mixed Platforms.ActiveCfg = Debug|x86
		{43E376BF-9F8B-4276-BD96-3DCC5185166D}.Debug|Mixed Platforms.Build.0 = Debug|x86
		{43E376BF-9F8B-4276-BD96-3DCC5185166D}.Debug|x86.ActiveCfg = Debug|x86
		{43E376BF-9F8B-4276-BD96-3DCC5185166D}.Debug|x86.Build.0 = Debug|x86
		{43E376BF-9F8B-4276-BD96-3DCC5185166D}.Release|Any CPU.ActiveCfg = Release|x86
		{43E376BF-9F8B-4276-BD96-3DCC5185166D}.Release|Mixed Platforms.ActiveCfg = Release|x86
		{43E376BF-9F8B-4276-BD96-3DCC5185166D}.Release|Mixed Platforms.Build.0 = Release|x86
		{43E376BF-9F8B-4276-BD96-3DCC5185166D}.Release|x86.ActiveCfg = Release|x86
		{43E376BF-9F8B-4276-BD96-3DCC5185166D}.Release|x86.Build.0 = Release|x86
	EndGlobalSection
	GlobalSection(SolutionProperties) = preSolution
		HideSolutionNode = FALSE
	EndGlobalSection
	GlobalSection(ExtensibilityGlobals) = postSolution
		SolutionGuid = {4FF8DA5A-842B-438D-A529-A9D80DFD2A0F}
	EndGlobalSection
EndGlobal
