
Microsoft Visual Studio Solution File, Format Version 12.00
# Visual Studio Express 2013 for Windows Desktop
VisualStudioVersion = 12.0.30723.0
MinimumVisualStudioVersion = 10.0.40219.1
Project("{FAE04EC0-301F-11D3-BF4B-00C04F79EFBC}") = "IViewer", "IViewer.csproj", "{C47029AC-D3A7-4287-9169-6FD459E99819}"
EndProject
Project("{FAE04EC0-301F-11D3-BF4B-00C04F79EFBC}") = "IvyUpdater", "..\IvyUpdater\IvyUpdater.csproj", "{74895FF1-625F-4A28-ACCD-76D45C6557CD}"
EndProject
Project("{F184B08F-C81C-45F6-A57F-5ABD9991F28F}") = "IViewerVB", "VB\IViewerVB.vbproj", "{4EE91205-30F5-48B5-9F16-630C1488128F}"
EndProject
Global
	GlobalSection(SolutionConfigurationPlatforms) = preSolution
		Debug|Any CPU = Debug|Any CPU
		Debug|Mixed Platforms = Debug|Mixed Platforms
		Debug|x86 = Debug|x86
		Release|Any CPU = Release|Any CPU
		Release|Mixed Platforms = Release|Mixed Platforms
		Release|x86 = Release|x86
	EndGlobalSection
	GlobalSection(ProjectConfigurationPlatforms) = postSolution
		{C47029AC-D3A7-4287-9169-6FD459E99819}.Debug|Any CPU.ActiveCfg = Debug|x86
		{C47029AC-D3A7-4287-9169-6FD459E99819}.Debug|Mixed Platforms.ActiveCfg = Debug|x86
		{C47029AC-D3A7-4287-9169-6FD459E99819}.Debug|Mixed Platforms.Build.0 = Debug|x86
		{C47029AC-D3A7-4287-9169-6FD459E99819}.Debug|x86.ActiveCfg = Debug|x86
		{C47029AC-D3A7-4287-9169-6FD459E99819}.Debug|x86.Build.0 = Debug|x86
		{C47029AC-D3A7-4287-9169-6FD459E99819}.Release|Any CPU.ActiveCfg = Release|x86
		{C47029AC-D3A7-4287-9169-6FD459E99819}.Release|Mixed Platforms.ActiveCfg = Release|x86
		{C47029AC-D3A7-4287-9169-6FD459E99819}.Release|Mixed Platforms.Build.0 = Release|x86
		{C47029AC-D3A7-4287-9169-6FD459E99819}.Release|x86.ActiveCfg = Release|x86
		{C47029AC-D3A7-4287-9169-6FD459E99819}.Release|x86.Build.0 = Release|x86
		{74895FF1-625F-4A28-ACCD-76D45C6557CD}.Debug|Any CPU.ActiveCfg = Debug|x86
		{74895FF1-625F-4A28-ACCD-76D45C6557CD}.Debug|Mixed Platforms.ActiveCfg = Debug|x86
		{74895FF1-625F-4A28-ACCD-76D45C6557CD}.Debug|Mixed Platforms.Build.0 = Debug|x86
		{74895FF1-625F-4A28-ACCD-76D45C6557CD}.Debug|x86.ActiveCfg = Debug|x86
		{74895FF1-625F-4A28-ACCD-76D45C6557CD}.Debug|x86.Build.0 = Debug|x86
		{74895FF1-625F-4A28-ACCD-76D45C6557CD}.Release|Any CPU.ActiveCfg = Release|x86
		{74895FF1-625F-4A28-ACCD-76D45C6557CD}.Release|Mixed Platforms.ActiveCfg = Release|x86
		{74895FF1-625F-4A28-ACCD-76D45C6557CD}.Release|Mixed Platforms.Build.0 = Release|x86
		{74895FF1-625F-4A28-ACCD-76D45C6557CD}.Release|x86.ActiveCfg = Release|x86
		{74895FF1-625F-4A28-ACCD-76D45C6557CD}.Release|x86.Build.0 = Release|x86
		{4EE91205-30F5-48B5-9F16-630C1488128F}.Debug|Any CPU.ActiveCfg = Debug|Any CPU
		{4EE91205-30F5-48B5-9F16-630C1488128F}.Debug|Any CPU.Build.0 = Debug|Any CPU
		{4EE91205-30F5-48B5-9F16-630C1488128F}.Debug|Mixed Platforms.ActiveCfg = Debug|Any CPU
		{4EE91205-30F5-48B5-9F16-630C1488128F}.Debug|Mixed Platforms.Build.0 = Debug|Any CPU
		{4EE91205-30F5-48B5-9F16-630C1488128F}.Debug|x86.ActiveCfg = Debug|Any CPU
		{4EE91205-30F5-48B5-9F16-630C1488128F}.Release|Any CPU.ActiveCfg = Release|Any CPU
		{4EE91205-30F5-48B5-9F16-630C1488128F}.Release|Any CPU.Build.0 = Release|Any CPU
		{4EE91205-30F5-48B5-9F16-630C1488128F}.Release|Mixed Platforms.ActiveCfg = Release|Any CPU
		{4EE91205-30F5-48B5-9F16-630C1488128F}.Release|Mixed Platforms.Build.0 = Release|Any CPU
		{4EE91205-30F5-48B5-9F16-630C1488128F}.Release|x86.ActiveCfg = Release|Any CPU
	EndGlobalSection
	GlobalSection(SolutionProperties) = preSolution
		HideSolutionNode = FALSE
	EndGlobalSection
EndGlobal
