
Microsoft Visual Studio Solution File, Format Version 12.00
# Visual Studio Express 2013 for Windows Desktop
VisualStudioVersion = 12.0.30723.0
MinimumVisualStudioVersion = 10.0.40219.1
Project("{FAE04EC0-301F-11D3-BF4B-00C04F79EFBC}") = "FTPSync", "FTPSync.csproj", "{43E376BF-9F8B-4276-BD96-3DCC5185166D}"
EndProject
Project("{F184B08F-C81C-45F6-A57F-5ABD9991F28F}") = "FTPSyncVB", "VB\FTPSyncVB.vbproj", "{C67D450D-86B8-437A-9262-59F5D5840EF5}"
EndProject
Project("{F184B08F-C81C-45F6-A57F-5ABD9991F28F}") = "AIO.Rep", "..\AIO\VB\AIO.Rep.vbproj", "{C26EE6E7-516E-43A4-80D2-E0FFD2E4DA4C}"
EndProject
Global
	GlobalSection(SolutionConfigurationPlatforms) = preSolution
		Debug|Any CPU = Debug|Any CPU
		Debug|Mixed Platforms = Debug|Mixed Platforms
		Debug|x86 = Debug|x86
		Release|Any CPU = Release|Any CPU
		Release|Mixed Platforms = Release|Mixed Platforms
		Release|x86 = Release|x86
	EndGlobalSection
	GlobalSection(ProjectConfigurationPlatforms) = postSolution
		{43E376BF-9F8B-4276-BD96-3DCC5185166D}.Debug|Any CPU.ActiveCfg = Debug|x86
		{43E376BF-9F8B-4276-BD96-3DCC5185166D}.Debug|Mixed Platforms.ActiveCfg = Debug|x86
		{43E376BF-9F8B-4276-BD96-3DCC5185166D}.Debug|Mixed Platforms.Build.0 = Debug|x86
		{43E376BF-9F8B-4276-BD96-3DCC5185166D}.Debug|x86.ActiveCfg = Debug|x86
		{43E376BF-9F8B-4276-BD96-3DCC5185166D}.Debug|x86.Build.0 = Debug|x86
		{43E376BF-9F8B-4276-BD96-3DCC5185166D}.Release|Any CPU.ActiveCfg = Release|x86
		{43E376BF-9F8B-4276-BD96-3DCC5185166D}.Release|Mixed Platforms.ActiveCfg = Release|x86
		{43E376BF-9F8B-4276-BD96-3DCC5185166D}.Release|Mixed Platforms.Build.0 = Release|x86
		{43E376BF-9F8B-4276-BD96-3DCC5185166D}.Release|x86.ActiveCfg = Release|x86
		{43E376BF-9F8B-4276-BD96-3DCC5185166D}.Release|x86.Build.0 = Release|x86
		{C67D450D-86B8-437A-9262-59F5D5840EF5}.Debug|Any CPU.ActiveCfg = Debug|Any CPU
		{C67D450D-86B8-437A-9262-59F5D5840EF5}.Debug|Any CPU.Build.0 = Debug|Any CPU
		{C67D450D-86B8-437A-9262-59F5D5840EF5}.Debug|Mixed Platforms.ActiveCfg = Debug|Any CPU
		{C67D450D-86B8-437A-9262-59F5D5840EF5}.Debug|Mixed Platforms.Build.0 = Debug|Any CPU
		{C67D450D-86B8-437A-9262-59F5D5840EF5}.Debug|x86.ActiveCfg = Debug|Any CPU
		{C67D450D-86B8-437A-9262-59F5D5840EF5}.Release|Any CPU.ActiveCfg = Release|Any CPU
		{C67D450D-86B8-437A-9262-59F5D5840EF5}.Release|Any CPU.Build.0 = Release|Any CPU
		{C67D450D-86B8-437A-9262-59F5D5840EF5}.Release|Mixed Platforms.ActiveCfg = Release|Any CPU
		{C67D450D-86B8-437A-9262-59F5D5840EF5}.Release|Mixed Platforms.Build.0 = Release|Any CPU
		{C67D450D-86B8-437A-9262-59F5D5840EF5}.Release|x86.ActiveCfg = Release|Any CPU
		{C26EE6E7-516E-43A4-80D2-E0FFD2E4DA4C}.Debug|Any CPU.ActiveCfg = Debug|Any CPU
		{C26EE6E7-516E-43A4-80D2-E0FFD2E4DA4C}.Debug|Any CPU.Build.0 = Debug|Any CPU
		{C26EE6E7-516E-43A4-80D2-E0FFD2E4DA4C}.Debug|Mixed Platforms.ActiveCfg = Debug|Any CPU
		{C26EE6E7-516E-43A4-80D2-E0FFD2E4DA4C}.Debug|Mixed Platforms.Build.0 = Debug|Any CPU
		{C26EE6E7-516E-43A4-80D2-E0FFD2E4DA4C}.Debug|x86.ActiveCfg = Debug|Any CPU
		{C26EE6E7-516E-43A4-80D2-E0FFD2E4DA4C}.Release|Any CPU.ActiveCfg = Release|Any CPU
		{C26EE6E7-516E-43A4-80D2-E0FFD2E4DA4C}.Release|Any CPU.Build.0 = Release|Any CPU
		{C26EE6E7-516E-43A4-80D2-E0FFD2E4DA4C}.Release|Mixed Platforms.ActiveCfg = Release|Any CPU
		{C26EE6E7-516E-43A4-80D2-E0FFD2E4DA4C}.Release|Mixed Platforms.Build.0 = Release|Any CPU
		{C26EE6E7-516E-43A4-80D2-E0FFD2E4DA4C}.Release|x86.ActiveCfg = Release|Any CPU
	EndGlobalSection
	GlobalSection(SolutionProperties) = preSolution
		HideSolutionNode = FALSE
	EndGlobalSection
EndGlobal
